// !$*UTF8*$!
{
	archiveVersion = 1;
	classes = {
	};
	objectVersion = 77;
	objects = {

/* Begin PBXBuildFile section */
		B30B03BA2E6F35AF0002F336 /* union_find.h in Headers */ = {isa = PBXBuildFile; fileRef = B30B03B92E6F35AF0002F336 /* union_find.h */; };
		B30B03BC2E6F36460002F336 /* uf_create.c in Sources */ = {isa = PBXBuildFile; fileRef = B30B03BB2E6F36460002F336 /* uf_create.c */; };
		B369FDB82E6F3972001824E2 /* uf_find.c in Sources */ = {isa = PBXBuildFile; fileRef = B369FDB72E6F3972001824E2 /* uf_find.c */; };
		B369FDBA2E6F3A3E001824E2 /* uf_union.c in Sources */ = {isa = PBXBuildFile; fileRef = B369FDB92E6F3A3E001824E2 /* uf_union.c */; };
		B369FDBC2E6F3CA1001824E2 /* uf_delete.c in Sources */ = {isa = PBXBuildFile; fileRef = B369FDBB2E6F3CA1001824E2 /* uf_delete.c */; };
/* End PBXBuildFile section */

/* Begin PBXFileReference section */
		B30B03B12E6F35330002F336 /* libunion-find.a */ = {isa = PBXFileReference; explicitFileType = archive.ar; includeInIndex = 0; path = "libunion-find.a"; sourceTree = BUILT_PRODUCTS_DIR; };
		B30B03B92E6F35AF0002F336 /* union_find.h */ = {isa = PBXFileReference; lastKnownFileType = sourcecode.c.h; path = union_find.h; sourceTree = "<group>"; };
		B30B03BB2E6F36460002F336 /* uf_create.c */ = {isa = PBXFileReference; lastKnownFileType = sourcecode.c.c; path = uf_create.c; sourceTree = "<group>"; };
		B369FDB72E6F3972001824E2 /* uf_find.c */ = {isa = PBXFileReference; lastKnownFileType = sourcecode.c.c; path = uf_find.c; sourceTree = "<group>"; };
		B369FDB92E6F3A3E001824E2 /* uf_union.c */ = {isa = PBXFileReference; lastKnownFileType = sourcecode.c.c; path = uf_union.c; sourceTree = "<group>"; };
		B369FDBB2E6F3CA1001824E2 /* uf_delete.c */ = {isa = PBXFileReference; lastKnownFileType = sourcecode.c.c; path = uf_delete.c; sourceTree = "<group>"; };
/* End PBXFileReference section */

/* Begin PBXFrameworksBuildPhase section */
		B30B03AF2E6F35330002F336 /* Frameworks */ = {
			isa = PBXFrameworksBuildPhase;
			buildActionMask = 2147483647;
			files = (
			);
			runOnlyForDeploymentPostprocessing = 0;
		};
/* End PBXFrameworksBuildPhase section */

/* Begin PBXGroup section */
		B30B03A82E6F35330002F336 = {
			isa = PBXGroup;
			children = (
				B30B03B92E6F35AF0002F336 /* union_find.h */,
				B30B03BB2E6F36460002F336 /* uf_create.c */,
				B369FDB72E6F3972001824E2 /* uf_find.c */,
				B369FDB92E6F3A3E001824E2 /* uf_union.c */,
				B369FDBB2E6F3CA1001824E2 /* uf_delete.c */,
				B30B03B22E6F35330002F336 /* Products */,
			);
			sourceTree = "<group>";
		};
		B30B03B22E6F35330002F336 /* Products */ = {
			isa = PBXGroup;
			children = (
				B30B03B12E6F35330002F336 /* libunion-find.a */,
			);
			name = Products;
			sourceTree = "<group>";
		};
/* End PBXGroup section */

/* Begin PBXHeadersBuildPhase section */
		B30B03AD2E6F35330002F336 /* Headers */ = {
			isa = PBXHeadersBuildPhase;
			buildActionMask = 2147483647;
			files = (
				B30B03BA2E6F35AF0002F336 /* union_find.h in Headers */,
			);
			runOnlyForDeploymentPostprocessing = 0;
		};
/* End PBXHeadersBuildPhase section */

/* Begin PBXNativeTarget section */
		B30B03B02E6F35330002F336 /* union-find */ = {
			isa = PBXNativeTarget;
			buildConfigurationList = B30B03B52E6F35330002F336 /* Build configuration list for PBXNativeTarget "union-find" */;
			buildPhases = (
				B30B03AD2E6F35330002F336 /* Headers */,
				B30B03AE2E6F35330002F336 /* Sources */,
				B30B03AF2E6F35330002F336 /* Frameworks */,
			);
			buildRules = (
			);
			dependencies = (
			);
			name = "union-find";
			packageProductDependencies = (
			);
			productName = "union-find";
			productReference = B30B03B12E6F35330002F336 /* libunion-find.a */;
			productType = "com.apple.product-type.library.static";
		};
/* End PBXNativeTarget section */

/* Begin PBXProject section */
		B30B03A92E6F35330002F336 /* Project object */ = {
			isa = PBXProject;
			attributes = {
				BuildIndependentTargetsInParallel = 1;
				LastUpgradeCheck = 1640;
				TargetAttributes = {
					B30B03B02E6F35330002F336 = {
						CreatedOnToolsVersion = 16.4;
					};
				};
			};
			buildConfigurationList = B30B03AC2E6F35330002F336 /* Build configuration list for PBXProject "union-find" */;
			developmentRegion = en;
			hasScannedForEncodings = 0;
			knownRegions = (
				en,
				Base,
			);
			mainGroup = B30B03A82E6F35330002F336;
			minimizedProjectReferenceProxies = 1;
			preferredProjectObjectVersion = 77;
			productRefGroup = B30B03B22E6F35330002F336 /* Products */;
			projectDirPath = "";
			projectRoot = "";
			targets = (
				B30B03B02E6F35330002F336 /* union-find */,
			);
		};
/* End PBXProject section */

/* Begin PBXSourcesBuildPhase section */
		B30B03AE2E6F35330002F336 /* Sources */ = {
			isa = PBXSourcesBuildPhase;
			buildActionMask = 2147483647;
			files = (
				B369FDBA2E6F3A3E001824E2 /* uf_union.c in Sources */,
				B369FDBC2E6F3CA1001824E2 /* uf_delete.c in Sources */,
				B30B03BC2E6F36460002F336 /* uf_create.c in Sources */,
				B369FDB82E6F3972001824E2 /* uf_find.c in Sources */,
			);
			runOnlyForDeploymentPostprocessing = 0;
		};
/* End PBXSourcesBuildPhase section */

/* Begin XCBuildConfiguration section */
		B30B03B32E6F35330002F336 /* Debug */ = {
			isa = XCBuildConfiguration;
			buildSettings = {
				ALWAYS_SEARCH_USER_PATHS = NO;
				ASSETCATALOG_COMPILER_GENERATE_SWIFT_ASSET_SYMBOL_EXTENSIONS = YES;
				CLANG_ANALYZER_NONNULL = YES;
				CLANG_ANALYZER_NUMBER_OBJECT_CONVERSION = YES_AGGRESSIVE;
				CLANG_CXX_LANGUAGE_STANDARD = "gnu++20";
				CLANG_ENABLE_MODULES = YES;
				CLANG_ENABLE_OBJC_ARC = YES;
				CLANG_ENABLE_OBJC_WEAK = YES;
				CLANG_WARN_BLOCK_CAPTURE_AUTORELEASING = YES;
				CLANG_WARN_BOOL_CONVERSION = YES;
				CLANG_WARN_COMMA = YES;
				CLANG_WARN_CONSTANT_CONVERSION = YES;
				CLANG_WARN_DEPRECATED_OBJC_IMPLEMENTATIONS = YES;
				CLANG_WARN_DIRECT_OBJC_ISA_USAGE = YES_ERROR;
				CLANG_WARN_DOCUMENTATION_COMMENTS = YES;
				CLANG_WARN_EMPTY_BODY = YES;
				CLANG_WARN_ENUM_CONVERSION = YES;
				CLANG_WARN_INFINITE_RECURSION = YES;
				CLANG_WARN_INT_CONVERSION = YES;
				CLANG_WARN_NON_LITERAL_NULL_CONVERSION = YES;
				CLANG_WARN_OBJC_IMPLICIT_RETAIN_SELF = YES;
				CLANG_WARN_OBJC_LITERAL_CONVERSION = YES;
				CLANG_WARN_OBJC_ROOT_CLASS = YES_ERROR;
				CLANG_WARN_QUOTED_INCLUDE_IN_FRAMEWORK_HEADER = YES;
				CLANG_WARN_RANGE_LOOP_ANALYSIS = YES;
				CLANG_WARN_STRICT_PROTOTYPES = YES;
				CLANG_WARN_SUSPICIOUS_MOVE = YES;
				CLANG_WARN_UNGUARDED_AVAILABILITY = YES_AGGRESSIVE;
				CLANG_WARN_UNREACHABLE_CODE = YES;
				CLANG_WARN__DUPLICATE_METHOD_MATCH = YES;
				COPY_PHASE_STRIP = NO;
				DEBUG_INFORMATION_FORMAT = dwarf;
				ENABLE_STRICT_OBJC_MSGSEND = YES;
				ENABLE_TESTABILITY = YES;
				ENABLE_USER_SCRIPT_SANDBOXING = YES;
				GCC_C_LANGUAGE_STANDARD = gnu17;
				GCC_DYNAMIC_NO_PIC = NO;
				GCC_NO_COMMON_BLOCKS = YES;
				GCC_OPTIMIZATION_LEVEL = 0;
				GCC_PREPROCESSOR_DEFINITIONS = (
					"DEBUG=1",
					"$(inherited)",
				);
				GCC_WARN_64_TO_32_BIT_CONVERSION = YES;
				GCC_WARN_ABOUT_RETURN_TYPE = YES_ERROR;
				GCC_WARN_UNDECLARED_SELECTOR = YES;
				GCC_WARN_UNINITIALIZED_AUTOS = YES_AGGRESSIVE;
				GCC_WARN_UNUSED_FUNCTION = YES;
				GCC_WARN_UNUSED_VARIABLE = YES;
				LOCALIZATION_PREFERS_STRING_CATALOGS = YES;
				MACOSX_DEPLOYMENT_TARGET = 15.5;
				MTL_ENABLE_DEBUG_INFO = INCLUDE_SOURCE;
				MTL_FAST_MATH = YES;
				ONLY_ACTIVE_ARCH = YES;
				SDKROOT = macosx;
			};
			name = Debug;
		};
		B30B03B42E6F35330002F336 /* Release */ = {
			isa = XCBuildConfiguration;
			buildSettings = {
				ALWAYS_SEARCH_USER_PATHS = NO;
				ASSETCATALOG_COMPILER_GENERATE_SWIFT_ASSET_SYMBOL_EXTENSIONS = YES;
				CLANG_ANALYZER_NONNULL = YES;
				CLANG_ANALYZER_NUMBER_OBJECT_CONVERSION = YES_AGGRESSIVE;
				CLANG_CXX_LANGUAGE_STANDARD = "gnu++20";
				CLANG_ENABLE_MODULES = YES;
				CLANG_ENABLE_OBJC_ARC = YES;
				CLANG_ENABLE_OBJC_WEAK = YES;
				CLANG_WARN_BLOCK_CAPTURE_AUTORELEASING = YES;
				CLANG_WARN_BOOL_CONVERSION = YES;
				CLANG_WARN_COMMA = YES;
				CLANG_WARN_CONSTANT_CONVERSION = YES;
				CLANG_WARN_DEPRECATED_OBJC_IMPLEMENTATIONS = YES;
				CLANG_WARN_DIRECT_OBJC_ISA_USAGE = YES_ERROR;
				CLANG_WARN_DOCUMENTATION_COMMENTS = YES;
				CLANG_WARN_EMPTY_BODY = YES;
				CLANG_WARN_ENUM_CONVERSION = YES;
				CLANG_WARN_INFINITE_RECURSION = YES;
				CLANG_WARN_INT_CONVERSION = YES;
				CLANG_WARN_NON_LITERAL_NULL_CONVERSION = YES;
				CLANG_WARN_OBJC_IMPLICIT_RETAIN_SELF = YES;
				CLANG_WARN_OBJC_LITERAL_CONVERSION = YES;
				CLANG_WARN_OBJC_ROOT_CLASS = YES_ERROR;
				CLANG_WARN_QUOTED_INCLUDE_IN_FRAMEWORK_HEADER = YES;
				CLANG_WARN_RANGE_LOOP_ANALYSIS = YES;
				CLANG_WARN_STRICT_PROTOTYPES = YES;
				CLANG_WARN_SUSPICIOUS_MOVE = YES;
				CLANG_WARN_UNGUARDED_AVAILABILITY = YES_AGGRESSIVE;
				CLANG_WARN_UNREACHABLE_CODE = YES;
				CLANG_WARN__DUPLICATE_METHOD_MATCH = YES;
				COPY_PHASE_STRIP = NO;
				DEBUG_INFORMATION_FORMAT = "dwarf-with-dsym";
				ENABLE_NS_ASSERTIONS = NO;
				ENABLE_STRICT_OBJC_MSGSEND = YES;
				ENABLE_USER_SCRIPT_SANDBOXING = YES;
				GCC_C_LANGUAGE_STANDARD = gnu17;
				GCC_NO_COMMON_BLOCKS = YES;
				GCC_WARN_64_TO_32_BIT_CONVERSION = YES;
				GCC_WARN_ABOUT_RETURN_TYPE = YES_ERROR;
				GCC_WARN_UNDECLARED_SELECTOR = YES;
				GCC_WARN_UNINITIALIZED_AUTOS = YES_AGGRESSIVE;
				GCC_WARN_UNUSED_FUNCTION = YES;
				GCC_WARN_UNUSED_VARIABLE = YES;
				LOCALIZATION_PREFERS_STRING_CATALOGS = YES;
				MACOSX_DEPLOYMENT_TARGET = 15.5;
				MTL_ENABLE_DEBUG_INFO = NO;
				MTL_FAST_MATH = YES;
				SDKROOT = macosx;
			};
			name = Release;
		};
		B30B03B62E6F35330002F336 /* Debug */ = {
			isa = XCBuildConfiguration;
			buildSettings = {
				CODE_SIGN_STYLE = Automatic;
				EXECUTABLE_PREFIX = lib;
				PRODUCT_NAME = "$(TARGET_NAME)";
				SKIP_INSTALL = YES;
			};
			name = Debug;
		};
		B30B03B72E6F35330002F336 /* Release */ = {
			isa = XCBuildConfiguration;
			buildSettings = {
				CODE_SIGN_STYLE = Automatic;
				EXECUTABLE_PREFIX = lib;
				PRODUCT_NAME = "$(TARGET_NAME)";
				SKIP_INSTALL = YES;
			};
			name = Release;
		};
/* End XCBuildConfiguration section */

/* Begin XCConfigurationList section */
		B30B03AC2E6F35330002F336 /* Build configuration list for PBXProject "union-find" */ = {
			isa = XCConfigurationList;
			buildConfigurations = (
				B30B03B32E6F35330002F336 /* Debug */,
				B30B03B42E6F35330002F336 /* Release */,
			);
			defaultConfigurationIsVisible = 0;
			defaultConfigurationName = Release;
		};
		B30B03B52E6F35330002F336 /* Build configuration list for PBXNativeTarget "union-find" */ = {
			isa = XCConfigurationList;
			buildConfigurations = (
				B30B03B62E6F35330002F336 /* Debug */,
				B30B03B72E6F35330002F336 /* Release */,
			);
			defaultConfigurationIsVisible = 0;
			defaultConfigurationName = Release;
		};
/* End XCConfigurationList section */
	};
	rootObject = B30B03A92E6F35330002F336 /* Project object */;
}
